# This file is automatically @generated by Cargo.
# It is not intended for manual editing.
version = 4

[[package]]
name = "bf_asm"
version = "0.1.0"
source = "git+https://github.com/LuoTianyi-arm64/bf-asm#819d32daf90b4a357d05514e87ed279a17cdf608"

[[package]]
name = "bf_code"
version = "0.1.0"
dependencies = [
 "bf_asm",
]
