# This file is automatically @generated by Cargo.
# It is not intended for manual editing.
version = 4

[[package]]
name = "bf_asm"
version = "0.1.0"
source = "git+https://github.com/LuoTianyi-arm64/bf-asm#e1fed694f5268df78e61ab95662562f92721fc38"

[[package]]
name = "bf_code"
version = "0.1.0"
dependencies = [
 "bf_asm",
]
