# This file is automatically @generated by Cargo.
# It is not intended for manual editing.
version = 4

[[package]]
name = "bf_asm"
version = "0.1.0"
source = "git+https://github.com/LuoTianyi-arm64/bf-asm#eed8259d3c9800885b2d24e03b59b98f8844f473"

[[package]]
name = "bf_code"
version = "0.1.0"
dependencies = [
 "bf_asm",
]
